
Microsoft Visual Studio Solution File, Format Version 12.00
# Visual Studio 15
VisualStudioVersion = 15.0.28307.1062
MinimumVisualStudioVersion = 10.0.40219.1
Project("{FAE04EC0-301F-11D3-BF4B-00C04F79EFBC}") = "WindowsFormsApp1", "WindowsFormsApp1\WindowsFormsApp1.csproj", "{2C593C84-070A-4BA4-A497-ACD5BE353043}"
EndProject
Global
	GlobalSection(SolutionConfigurationPlatforms) = preSolution
		Debug|Any CPU = Debug|Any CPU
		Release|Any CPU = Release|Any CPU
	EndGlobalSection
	GlobalSection(ProjectConfigurationPlatforms) = postSolution
		{2C593C84-070A-4BA4-A497-ACD5BE353043}.Debug|Any CPU.ActiveCfg = Debug|Any CPU
		{2C593C84-070A-4BA4-A497-ACD5BE353043}.Debug|Any CPU.Build.0 = Debug|Any CPU
		{2C593C84-070A-4BA4-A497-ACD5BE353043}.Release|Any CPU.ActiveCfg = Release|Any CPU
		{2C593C84-070A-4BA4-A497-ACD5BE353043}.Release|Any CPU.Build.0 = Release|Any CPU
	EndGlobalSection
	GlobalSection(SolutionProperties) = preSolution
		HideSolutionNode = FALSE
	EndGlobalSection
	GlobalSection(ExtensibilityGlobals) = postSolution
		SolutionGuid = {102BCA30-FF7A-432E-A7FC-518A82A5137E}
	EndGlobalSection
EndGlobal
